{
  "name": "hermes-fork-sync",
  "version": "0.0.0",
  "lockfileVersion": 3,
  "requires": true,
  "packages": {
    "": {
      "name": "hermes-fork-sync",
      "version": "0.0.0",
      "dependencies": {
        "@rnx-kit/fork-sync": "^0.4.0"
      }
    },
    "node_modules/@rnx-kit/fork-sync": {
      "version": "0.4.2",
      "resolved": "https://pkgs.dev.azure.com/ms/react-native/_packaging/react-native-public/npm/registry/@rnx-kit/fork-sync/-/fork-sync-0.4.2.tgz",
      "integrity": "sha512-O9dVffHWnXwcGmtNLBeCSS9oprbU8CrmxzKFARMXrR0IqVw5bZo442jUpcdsBW3B3B1JI5i3wnkxMWvUj+aWhg==",
      "license": "MIT",
      "bin": {
        "ai-merge": "lib/ai-merge.js",
        "fork-sync": "lib/sync.js"
      },
      "engines": {
        "node": "^20.16.0 || >=22.4.0"
      }
    }
  }
}
